
Microsoft Visual Studio Solution File, Format Version 12.00
# Visual Studio 15
VisualStudioVersion = 15.0.27428.2037
MinimumVisualStudioVersion = 10.0.40219.1
Project("{FAE04EC0-301F-11D3-BF4B-00C04F79EFBC}") = "Decorate", "Decorate\Decorate.csproj", "{0765CAA6-A28A-4B04-97D7-5E45B56B5766}"
EndProject
Global
	GlobalSection(SolutionConfigurationPlatforms) = preSolution
		Debug|Any CPU = Debug|Any CPU
		Release|Any CPU = Release|Any CPU
	EndGlobalSection
	GlobalSection(ProjectConfigurationPlatforms) = postSolution
		{0765CAA6-A28A-4B04-97D7-5E45B56B5766}.Debug|Any CPU.ActiveCfg = Debug|Any CPU
		{0765CAA6-A28A-4B04-97D7-5E45B56B5766}.Debug|Any CPU.Build.0 = Debug|Any CPU
		{0765CAA6-A28A-4B04-97D7-5E45B56B5766}.Release|Any CPU.ActiveCfg = Release|Any CPU
		{0765CAA6-A28A-4B04-97D7-5E45B56B5766}.Release|Any CPU.Build.0 = Release|Any CPU
	EndGlobalSection
	GlobalSection(SolutionProperties) = preSolution
		HideSolutionNode = FALSE
	EndGlobalSection
	GlobalSection(ExtensibilityGlobals) = postSolution
		SolutionGuid = {3179467F-88E2-4199-9795-A0A5DCFABD80}
	EndGlobalSection
EndGlobal
