
Microsoft Visual Studio Solution File, Format Version 12.00
# Visual Studio 15
VisualStudioVersion = 15.0.27428.2037
MinimumVisualStudioVersion = 10.0.40219.1
Project("{FAE04EC0-301F-11D3-BF4B-00C04F79EFBC}") = "Decorate_Class", "Decorate_Class\Decorate_Class.csproj", "{651EC1D5-A761-4626-A941-E31B14C559D6}"
EndProject
Global
	GlobalSection(SolutionConfigurationPlatforms) = preSolution
		Debug|Any CPU = Debug|Any CPU
		Release|Any CPU = Release|Any CPU
	EndGlobalSection
	GlobalSection(ProjectConfigurationPlatforms) = postSolution
		{651EC1D5-A761-4626-A941-E31B14C559D6}.Debug|Any CPU.ActiveCfg = Debug|Any CPU
		{651EC1D5-A761-4626-A941-E31B14C559D6}.Debug|Any CPU.Build.0 = Debug|Any CPU
		{651EC1D5-A761-4626-A941-E31B14C559D6}.Release|Any CPU.ActiveCfg = Release|Any CPU
		{651EC1D5-A761-4626-A941-E31B14C559D6}.Release|Any CPU.Build.0 = Release|Any CPU
	EndGlobalSection
	GlobalSection(SolutionProperties) = preSolution
		HideSolutionNode = FALSE
	EndGlobalSection
	GlobalSection(ExtensibilityGlobals) = postSolution
		SolutionGuid = {A75B179E-2D80-42FB-B97A-3AE7FFABA408}
	EndGlobalSection
EndGlobal
